{
    "format_version": "1.1",
    "terraform_version": "1.3.2",
    "variables": {
        "client_secret": {
            "value": "6D68Q~xmpP4~17txCkdWHJqzIi~gwsCdnnw21ccd"
        },
        "storageaccountname": {
            "value": "storageaccountaju123"
        }
    },
    "planned_values": {
        "root_module": {
            "resources": [
                {
                    "address": "azurerm_resource_group.aju-resourse-grp",
                    "mode": "managed",
                    "type": "azurerm_resource_group",
                    "name": "aju-resourse-grp",
                    "provider_name": "registry.terraform.io/hashicorp/azurerm",
                    "schema_version": 0,
                    "values": {
                        "location": "westeurope",
                        "name": "aju-resourse-grp",
                        "tags": null,
                        "timeouts": null
                    },
                    "sensitive_values": {}
                },
                {
                    "address": "azurerm_storage_account.aju-storageaccount",
                    "mode": "managed",
                    "type": "azurerm_storage_account",
                    "name": "aju-storageaccount",
                    "provider_name": "registry.terraform.io/hashicorp/azurerm",
                    "schema_version": 3,
                    "values": {
                        "account_kind": "StorageV2",
                        "account_replication_type": "LRS",
                        "account_tier": "Standard",
                        "allow_nested_items_to_be_public": true,
                        "azure_files_authentication": [],
                        "cross_tenant_replication_enabled": true,
                        "custom_domain": [],
                        "customer_managed_key": [],
                        "edge_zone": null,
                        "enable_https_traffic_only": true,
                        "identity": [],
                        "infrastructure_encryption_enabled": false,
                        "is_hns_enabled": false,
                        "location": "westeurope",
                        "min_tls_version": "TLS1_2",
                        "name": "storageaccountaju123",
                        "nfsv3_enabled": false,
                        "queue_encryption_key_type": "Service",
                        "resource_group_name": "aju-resourse-grp",
                        "shared_access_key_enabled": true,
                        "static_website": [],
                        "table_encryption_key_type": "Service",
                        "tags": {
                            "department": "TEST",
                            "environemt": "prod"
                        },
                        "timeouts": null
                    },
                    "sensitive_values": {
                        "azure_files_authentication": [],
                        "blob_properties": [],
                        "custom_domain": [],
                        "customer_managed_key": [],
                        "identity": [],
                        "network_rules": [],
                        "queue_properties": [],
                        "routing": [],
                        "share_properties": [],
                        "static_website": [],
                        "tags": {}
                    }
                }
            ]
        }
    },
    "resource_changes": [
        {
            "address": "azurerm_resource_group.aju-resourse-grp",
            "mode": "managed",
            "type": "azurerm_resource_group",
            "name": "aju-resourse-grp",
            "provider_name": "registry.terraform.io/hashicorp/azurerm",
            "change": {
                "actions": [
                    "create"
                ],
                "before": null,
                "after": {
                    "location": "westeurope",
                    "name": "aju-resourse-grp",
                    "tags": null,
                    "timeouts": null
                },
                "after_unknown": {
                    "id": true
                },
                "before_sensitive": false,
                "after_sensitive": {}
            }
        },
        {
            "address": "azurerm_storage_account.aju-storageaccount",
            "mode": "managed",
            "type": "azurerm_storage_account",
            "name": "aju-storageaccount",
            "provider_name": "registry.terraform.io/hashicorp/azurerm",
            "change": {
                "actions": [
                    "create"
                ],
                "before": null,
                "after": {
                    "account_kind": "StorageV2",
                    "account_replication_type": "LRS",
                    "account_tier": "Standard",
                    "allow_nested_items_to_be_public": true,
                    "azure_files_authentication": [],
                    "cross_tenant_replication_enabled": true,
                    "custom_domain": [],
                    "customer_managed_key": [],
                    "edge_zone": null,
                    "enable_https_traffic_only": true,
                    "identity": [],
                    "infrastructure_encryption_enabled": false,
                    "is_hns_enabled": false,
                    "location": "westeurope",
                    "min_tls_version": "TLS1_2",
                    "name": "storageaccountaju123",
                    "nfsv3_enabled": false,
                    "queue_encryption_key_type": "Service",
                    "resource_group_name": "aju-resourse-grp",
                    "shared_access_key_enabled": true,
                    "static_website": [],
                    "table_encryption_key_type": "Service",
                    "tags": {
                        "department": "TEST",
                        "environemt": "prod"
                    },
                    "timeouts": null
                },
                "after_unknown": {
                    "access_tier": true,
                    "azure_files_authentication": [],
                    "blob_properties": true,
                    "custom_domain": [],
                    "customer_managed_key": [],
                    "id": true,
                    "identity": [],
                    "large_file_share_enabled": true,
                    "network_rules": true,
                    "primary_access_key": true,
                    "primary_blob_connection_string": true,
                    "primary_blob_endpoint": true,
                    "primary_blob_host": true,
                    "primary_connection_string": true,
                    "primary_dfs_endpoint": true,
                    "primary_dfs_host": true,
                    "primary_file_endpoint": true,
                    "primary_file_host": true,
                    "primary_location": true,
                    "primary_queue_endpoint": true,
                    "primary_queue_host": true,
                    "primary_table_endpoint": true,
                    "primary_table_host": true,
                    "primary_web_endpoint": true,
                    "primary_web_host": true,
                    "queue_properties": true,
                    "routing": true,
                    "secondary_access_key": true,
                    "secondary_blob_connection_string": true,
                    "secondary_blob_endpoint": true,
                    "secondary_blob_host": true,
                    "secondary_connection_string": true,
                    "secondary_dfs_endpoint": true,
                    "secondary_dfs_host": true,
                    "secondary_file_endpoint": true,
                    "secondary_file_host": true,
                    "secondary_location": true,
                    "secondary_queue_endpoint": true,
                    "secondary_queue_host": true,
                    "secondary_table_endpoint": true,
                    "secondary_table_host": true,
                    "secondary_web_endpoint": true,
                    "secondary_web_host": true,
                    "share_properties": true,
                    "static_website": [],
                    "tags": {}
                },
                "before_sensitive": false,
                "after_sensitive": {
                    "azure_files_authentication": [],
                    "blob_properties": [],
                    "custom_domain": [],
                    "customer_managed_key": [],
                    "identity": [],
                    "network_rules": [],
                    "primary_access_key": true,
                    "primary_blob_connection_string": true,
                    "primary_connection_string": true,
                    "queue_properties": [],
                    "routing": [],
                    "secondary_access_key": true,
                    "secondary_blob_connection_string": true,
                    "secondary_connection_string": true,
                    "share_properties": [],
                    "static_website": [],
                    "tags": {}
                }
            }
        }
    ],
    "configuration": {
        "provider_config": {
            "azurerm": {
                "name": "azurerm",
                "full_name": "registry.terraform.io/hashicorp/azurerm",
                "version_constraint": "3.8.0",
                "expressions": {
                    "client_id": {
                        "constant_value": "0cc2f215-7288-4f93-91e9-db21835113d2"
                    },
                    "client_secret": {
                        "references": [
                            "var.client_secret"
                        ]
                    },
                    "features": [
                        {}
                    ],
                    "subscription_id": {
                        "constant_value": "a3d772dc-93d3-4b00-a52e-e8c86dfb1feb"
                    },
                    "tenant_id": {
                        "constant_value": "5ab73113-e42a-44d9-b750-ab52b3bbb0b7"
                    }
                }
            }
        },
        "root_module": {
            "resources": [
                {
                    "address": "azurerm_resource_group.aju-resourse-grp",
                    "mode": "managed",
                    "type": "azurerm_resource_group",
                    "name": "aju-resourse-grp",
                    "provider_config_key": "azurerm",
                    "expressions": {
                        "location": {
                            "references": [
                                "local.location"
                            ]
                        },
                        "name": {
                            "references": [
                                "local.resource_group_name"
                            ]
                        }
                    },
                    "schema_version": 0
                },
                {
                    "address": "azurerm_storage_account.aju-storageaccount",
                    "mode": "managed",
                    "type": "azurerm_storage_account",
                    "name": "aju-storageaccount",
                    "provider_config_key": "azurerm",
                    "expressions": {
                        "account_kind": {
                            "constant_value": "StorageV2"
                        },
                        "account_replication_type": {
                            "constant_value": "LRS"
                        },
                        "account_tier": {
                            "constant_value": "Standard"
                        },
                        "location": {
                            "references": [
                                "local.location"
                            ]
                        },
                        "name": {
                            "references": [
                                "var.storageaccountname"
                            ]
                        },
                        "resource_group_name": {
                            "references": [
                                "local.resource_group_name"
                            ]
                        },
                        "tags": {
                            "constant_value": {
                                "department": "TEST",
                                "environemt": "prod"
                            }
                        }
                    },
                    "schema_version": 3,
                    "depends_on": [
                        "azurerm_resource_group.aju-resourse-grp"
                    ]
                }
            ],
            "variables": {
                "client_secret": {
                    "sensitive": true
                },
                "storageaccountname": {
                    "default": "storageaccountaju123"
                }
            }
        }
    }
}